// !$*UTF8*$!
{
	archiveVersion = 1;
	classes = {
	};
	objectVersion = 46;
	objects = {

/* Begin PBXBuildFile section */
		051C5C991B83F11600080D4A /* main.m in Sources */ = {isa = PBXBuildFile; fileRef = 051C5C981B83F11600080D4A /* main.m */; };
		051C5C9C1B83F11600080D4A /* AppDelegate.m in Sources */ = {isa = PBXBuildFile; fileRef = 051C5C9B1B83F11600080D4A /* AppDelegate.m */; };
		051C5C9F1B83F11600080D4A /* ViewController.m in Sources */ = {isa = PBXBuildFile; fileRef = 051C5C9E1B83F11600080D4A /* ViewController.m */; };
		051C5CA21B83F11700080D4A /* Main.storyboard in Resources */ = {isa = PBXBuildFile; fileRef = 051C5CA01B83F11700080D4A /* Main.storyboard */; };
		051C5CA41B83F11700080D4A /* Images.xcassets in Resources */ = {isa = PBXBuildFile; fileRef = 051C5CA31B83F11700080D4A /* Images.xcassets */; };
		051C5CA71B83F11700080D4A /* LaunchScreen.xib in Resources */ = {isa = PBXBuildFile; fileRef = 051C5CA51B83F11700080D4A /* LaunchScreen.xib */; };
		051C5CB31B83F11700080D4A /* QuizTests.m in Sources */ = {isa = PBXBuildFile; fileRef = 051C5CB21B83F11700080D4A /* QuizTests.m */; };
/* End PBXBuildFile section */

/* Begin PBXContainerItemProxy section */
		051C5CAD1B83F11700080D4A /* PBXContainerItemProxy */ = {
			isa = PBXContainerItemProxy;
			containerPortal = 051C5C8B1B83F11600080D4A /* Project object */;
			proxyType = 1;
			remoteGlobalIDString = 051C5C921B83F11600080D4A;
			remoteInfo = Quiz;
		};
/* End PBXContainerItemProxy section */

/* Begin PBXFileReference section */
		051C5C931B83F11600080D4A /* Quiz.app */ = {isa = PBXFileReference; explicitFileType = wrapper.application; includeInIndex = 0; path = Quiz.app; sourceTree = BUILT_PRODUCTS_DIR; };
		051C5C971B83F11600080D4A /* Info.plist */ = {isa = PBXFileReference; lastKnownFileType = text.plist.xml; path = Info.plist; sourceTree = "<group>"; };
		051C5C981B83F11600080D4A /* main.m */ = {isa = PBXFileReference; lastKnownFileType = sourcecode.c.objc; path = main.m; sourceTree = "<group>"; };
		051C5C9A1B83F11600080D4A /* AppDelegate.h */ = {isa = PBXFileReference; lastKnownFileType = sourcecode.c.h; path = AppDelegate.h; sourceTree = "<group>"; };
		051C5C9B1B83F11600080D4A /* AppDelegate.m */ = {isa = PBXFileReference; lastKnownFileType = sourcecode.c.objc; path = AppDelegate.m; sourceTree = "<group>"; };
		051C5C9D1B83F11600080D4A /* ViewController.h */ = {isa = PBXFileReference; lastKnownFileType = sourcecode.c.h; path = ViewController.h; sourceTree = "<group>"; };
		051C5C9E1B83F11600080D4A /* ViewController.m */ = {isa = PBXFileReference; lastKnownFileType = sourcecode.c.objc; path = ViewController.m; sourceTree = "<group>"; };
		051C5CA11B83F11700080D4A /* Base */ = {isa = PBXFileReference; lastKnownFileType = file.storyboard; name = Base; path = Base.lproj/Main.storyboard; sourceTree = "<group>"; };
		051C5CA31B83F11700080D4A /* Images.xcassets */ = {isa = PBXFileReference; lastKnownFileType = folder.assetcatalog; path = Images.xcassets; sourceTree = "<group>"; };
		051C5CA61B83F11700080D4A /* Base */ = {isa = PBXFileReference; lastKnownFileType = file.xib; name = Base; path = Base.lproj/LaunchScreen.xib; sourceTree = "<group>"; };
		051C5CAC1B83F11700080D4A /* QuizTests.xctest */ = {isa = PBXFileReference; explicitFileType = wrapper.cfbundle; includeInIndex = 0; path = QuizTests.xctest; sourceTree = BUILT_PRODUCTS_DIR; };
		051C5CB11B83F11700080D4A /* Info.plist */ = {isa = PBXFileReference; lastKnownFileType = text.plist.xml; path = Info.plist; sourceTree = "<group>"; };
		051C5CB21B83F11700080D4A /* QuizTests.m */ = {isa = PBXFileReference; lastKnownFileType = sourcecode.c.objc; path = QuizTests.m; sourceTree = "<group>"; };
/* End PBXFileReference section */

/* Begin PBXFrameworksBuildPhase section */
		051C5C901B83F11600080D4A /* Frameworks */ = {
			isa = PBXFrameworksBuildPhase;
			buildActionMask = 2147483647;
			files = (
			);
			runOnlyForDeploymentPostprocessing = 0;
		};
		051C5CA91B83F11700080D4A /* Frameworks */ = {
			isa = PBXFrameworksBuildPhase;
			buildActionMask = 2147483647;
			files = (
			);
			runOnlyForDeploymentPostprocessing = 0;
		};
/* End PBXFrameworksBuildPhase section */

/* Begin PBXGroup section */
		051C5C8A1B83F11600080D4A = {
			isa = PBXGroup;
			children = (
				051C5C951B83F11600080D4A /* Quiz */,
				051C5CAF1B83F11700080D4A /* QuizTests */,
				051C5C941B83F11600080D4A /* Products */,
			);
			sourceTree = "<group>";
		};
		051C5C941B83F11600080D4A /* Products */ = {
			isa = PBXGroup;
			children = (
				051C5C931B83F11600080D4A /* Quiz.app */,
				051C5CAC1B83F11700080D4A /* QuizTests.xctest */,
			);
			name = Products;
			sourceTree = "<group>";
		};
		051C5C951B83F11600080D4A /* Quiz */ = {
			isa = PBXGroup;
			children = (
				051C5C9A1B83F11600080D4A /* AppDelegate.h */,
				051C5C9B1B83F11600080D4A /* AppDelegate.m */,
				051C5C9D1B83F11600080D4A /* ViewController.h */,
				051C5C9E1B83F11600080D4A /* ViewController.m */,
				051C5CA01B83F11700080D4A /* Main.storyboard */,
				051C5CA31B83F11700080D4A /* Images.xcassets */,
				051C5CA51B83F11700080D4A /* LaunchScreen.xib */,
				051C5C961B83F11600080D4A /* Supporting Files */,
			);
			path = Quiz;
			sourceTree = "<group>";
		};
		051C5C961B83F11600080D4A /* Supporting Files */ = {
			isa = PBXGroup;
			children = (
				051C5C971B83F11600080D4A /* Info.plist */,
				051C5C981B83F11600080D4A /* main.m */,
			);
			name = "Supporting Files";
			sourceTree = "<group>";
		};
		051C5CAF1B83F11700080D4A /* QuizTests */ = {
			isa = PBXGroup;
			children = (
				051C5CB21B83F11700080D4A /* QuizTests.m */,
				051C5CB01B83F11700080D4A /* Supporting Files */,
			);
			path = QuizTests;
			sourceTree = "<group>";
		};
		051C5CB01B83F11700080D4A /* Supporting Files */ = {
			isa = PBXGroup;
			children = (
				051C5CB11B83F11700080D4A /* Info.plist */,
			);
			name = "Supporting Files";
			sourceTree = "<group>";
		};
/* End PBXGroup section */

/* Begin PBXNativeTarget section */
		051C5C921B83F11600080D4A /* Quiz */ = {
			isa = PBXNativeTarget;
			buildConfigurationList = 051C5CB61B83F11700080D4A /* Build configuration list for PBXNativeTarget "Quiz" */;
			buildPhases = (
				051C5C8F1B83F11600080D4A /* Sources */,
				051C5C901B83F11600080D4A /* Frameworks */,
				051C5C911B83F11600080D4A /* Resources */,
			);
			buildRules = (
			);
			dependencies = (
			);
			name = Quiz;
			productName = Quiz;
			productReference = 051C5C931B83F11600080D4A /* Quiz.app */;
			productType = "com.apple.product-type.application";
		};
		051C5CAB1B83F11700080D4A /* QuizTests */ = {
			isa = PBXNativeTarget;
			buildConfigurationList = 051C5CB91B83F11700080D4A /* Build configuration list for PBXNativeTarget "QuizTests" */;
			buildPhases = (
				051C5CA81B83F11700080D4A /* Sources */,
				051C5CA91B83F11700080D4A /* Frameworks */,
				051C5CAA1B83F11700080D4A /* Resources */,
			);
			buildRules = (
			);
			dependencies = (
				051C5CAE1B83F11700080D4A /* PBXTargetDependency */,
			);
			name = QuizTests;
			productName = QuizTests;
			productReference = 051C5CAC1B83F11700080D4A /* QuizTests.xctest */;
			productType = "com.apple.product-type.bundle.unit-test";
		};
/* End PBXNativeTarget section */

/* Begin PBXProject section */
		051C5C8B1B83F11600080D4A /* Project object */ = {
			isa = PBXProject;
			attributes = {
				LastUpgradeCheck = 0640;
				ORGANIZATIONNAME = "Ty Frith";
				TargetAttributes = {
					051C5C921B83F11600080D4A = {
						CreatedOnToolsVersion = 6.4;
					};
					051C5CAB1B83F11700080D4A = {
						CreatedOnToolsVersion = 6.4;
						TestTargetID = 051C5C921B83F11600080D4A;
					};
				};
			};
			buildConfigurationList = 051C5C8E1B83F11600080D4A /* Build configuration list for PBXProject "Quiz" */;
			compatibilityVersion = "Xcode 3.2";
			developmentRegion = English;
			hasScannedForEncodings = 0;
			knownRegions = (
				en,
				Base,
			);
			mainGroup = 051C5C8A1B83F11600080D4A;
			productRefGroup = 051C5C941B83F11600080D4A /* Products */;
			projectDirPath = "";
			projectRoot = "";
			targets = (
				051C5C921B83F11600080D4A /* Quiz */,
				051C5CAB1B83F11700080D4A /* QuizTests */,
			);
		};
/* End PBXProject section */

/* Begin PBXResourcesBuildPhase section */
		051C5C911B83F11600080D4A /* Resources */ = {
			isa = PBXResourcesBuildPhase;
			buildActionMask = 2147483647;
			files = (
				051C5CA21B83F11700080D4A /* Main.storyboard in Resources */,
				051C5CA71B83F11700080D4A /* LaunchScreen.xib in Resources */,
				051C5CA41B83F11700080D4A /* Images.xcassets in Resources */,
			);
			runOnlyForDeploymentPostprocessing = 0;
		};
		051C5CAA1B83F11700080D4A /* Resources */ = {
			isa = PBXResourcesBuildPhase;
			buildActionMask = 2147483647;
			files = (
			);
			runOnlyForDeploymentPostprocessing = 0;
		};
/* End PBXResourcesBuildPhase section */

/* Begin PBXSourcesBuildPhase section */
		051C5C8F1B83F11600080D4A /* Sources */ = {
			isa = PBXSourcesBuildPhase;
			buildActionMask = 2147483647;
			files = (
				051C5C9F1B83F11600080D4A /* ViewController.m in Sources */,
				051C5C9C1B83F11600080D4A /* AppDelegate.m in Sources */,
				051C5C991B83F11600080D4A /* main.m in Sources */,
			);
			runOnlyForDeploymentPostprocessing = 0;
		};
		051C5CA81B83F11700080D4A /* Sources */ = {
			isa = PBXSourcesBuildPhase;
			buildActionMask = 2147483647;
			files = (
				051C5CB31B83F11700080D4A /* QuizTests.m in Sources */,
			);
			runOnlyForDeploymentPostprocessing = 0;
		};
/* End PBXSourcesBuildPhase section */

/* Begin PBXTargetDependency section */
		051C5CAE1B83F11700080D4A /* PBXTargetDependency */ = {
			isa = PBXTargetDependency;
			target = 051C5C921B83F11600080D4A /* Quiz */;
			targetProxy = 051C5CAD1B83F11700080D4A /* PBXContainerItemProxy */;
		};
/* End PBXTargetDependency section */

/* Begin PBXVariantGroup section */
		051C5CA01B83F11700080D4A /* Main.storyboard */ = {
			isa = PBXVariantGroup;
			children = (
				051C5CA11B83F11700080D4A /* Base */,
			);
			name = Main.storyboard;
			sourceTree = "<group>";
		};
		051C5CA51B83F11700080D4A /* LaunchScreen.xib */ = {
			isa = PBXVariantGroup;
			children = (
				051C5CA61B83F11700080D4A /* Base */,
			);
			name = LaunchScreen.xib;
			sourceTree = "<group>";
		};
/* End PBXVariantGroup section */

/* Begin XCBuildConfiguration section */
		051C5CB41B83F11700080D4A /* Debug */ = {
			isa = XCBuildConfiguration;
			buildSettings = {
				ALWAYS_SEARCH_USER_PATHS = NO;
				CLANG_CXX_LANGUAGE_STANDARD = "gnu++0x";
				CLANG_CXX_LIBRARY = "libc++";
				CLANG_ENABLE_MODULES = YES;
				CLANG_ENABLE_OBJC_ARC = YES;
				CLANG_WARN_BOOL_CONVERSION = YES;
				CLANG_WARN_CONSTANT_CONVERSION = YES;
				CLANG_WARN_DIRECT_OBJC_ISA_USAGE = YES_ERROR;
				CLANG_WARN_EMPTY_BODY = YES;
				CLANG_WARN_ENUM_CONVERSION = YES;
				CLANG_WARN_INT_CONVERSION = YES;
				CLANG_WARN_OBJC_ROOT_CLASS = YES_ERROR;
				CLANG_WARN_UNREACHABLE_CODE = YES;
				CLANG_WARN__DUPLICATE_METHOD_MATCH = YES;
				"CODE_SIGN_IDENTITY[sdk=iphoneos*]" = "iPhone Developer";
				COPY_PHASE_STRIP = NO;
				DEBUG_INFORMATION_FORMAT = "dwarf-with-dsym";
				ENABLE_STRICT_OBJC_MSGSEND = YES;
				GCC_C_LANGUAGE_STANDARD = gnu99;
				GCC_DYNAMIC_NO_PIC = NO;
				GCC_NO_COMMON_BLOCKS = YES;
				GCC_OPTIMIZATION_LEVEL = 0;
				GCC_PREPROCESSOR_DEFINITIONS = (
					"DEBUG=1",
					"$(inherited)",
				);
				GCC_SYMBOLS_PRIVATE_EXTERN = NO;
				GCC_WARN_64_TO_32_BIT_CONVERSION = YES;
				GCC_WARN_ABOUT_RETURN_TYPE = YES_ERROR;
				GCC_WARN_UNDECLARED_SELECTOR = YES;
				GCC_WARN_UNINITIALIZED_AUTOS = YES_AGGRESSIVE;
				GCC_WARN_UNUSED_FUNCTION = YES;
				GCC_WARN_UNUSED_VARIABLE = YES;
				IPHONEOS_DEPLOYMENT_TARGET = 8.4;
				MTL_ENABLE_DEBUG_INFO = YES;
				ONLY_ACTIVE_ARCH = YES;
				SDKROOT = iphoneos;
			};
			name = Debug;
		};
		051C5CB51B83F11700080D4A /* Release */ = {
			isa = XCBuildConfiguration;
			buildSettings = {
				ALWAYS_SEARCH_USER_PATHS = NO;
				CLANG_CXX_LANGUAGE_STANDARD = "gnu++0x";
				CLANG_CXX_LIBRARY = "libc++";
				CLANG_ENABLE_MODULES = YES;
				CLANG_ENABLE_OBJC_ARC = YES;
				CLANG_WARN_BOOL_CONVERSION = YES;
				CLANG_WARN_CONSTANT_CONVERSION = YES;
				CLANG_WARN_DIRECT_OBJC_ISA_USAGE = YES_ERROR;
				CLANG_WARN_EMPTY_BODY = YES;
				CLANG_WARN_ENUM_CONVERSION = YES;
				CLANG_WARN_INT_CONVERSION = YES;
				CLANG_WARN_OBJC_ROOT_CLASS = YES_ERROR;
				CLANG_WARN_UNREACHABLE_CODE = YES;
				CLANG_WARN__DUPLICATE_METHOD_MATCH = YES;
				"CODE_SIGN_IDENTITY[sdk=iphoneos*]" = "iPhone Developer";
				COPY_PHASE_STRIP = NO;
				DEBUG_INFORMATION_FORMAT = "dwarf-with-dsym";
				ENABLE_NS_ASSERTIONS = NO;
				ENABLE_STRICT_OBJC_MSGSEND = YES;
				GCC_C_LANGUAGE_STANDARD = gnu99;
				GCC_NO_COMMON_BLOCKS = YES;
				GCC_WARN_64_TO_32_BIT_CONVERSION = YES;
				GCC_WARN_ABOUT_RETURN_TYPE = YES_ERROR;
				GCC_WARN_UNDECLARED_SELECTOR = YES;
				GCC_WARN_UNINITIALIZED_AUTOS = YES_AGGRESSIVE;
				GCC_WARN_UNUSED_FUNCTION = YES;
				GCC_WARN_UNUSED_VARIABLE = YES;
				IPHONEOS_DEPLOYMENT_TARGET = 8.4;
				MTL_ENABLE_DEBUG_INFO = NO;
				SDKROOT = iphoneos;
				VALIDATE_PRODUCT = YES;
			};
			name = Release;
		};
		051C5CB71B83F11700080D4A /* Debug */ = {
			isa = XCBuildConfiguration;
			buildSettings = {
				ASSETCATALOG_COMPILER_APPICON_NAME = AppIcon;
				INFOPLIST_FILE = Quiz/Info.plist;
				LD_RUNPATH_SEARCH_PATHS = "$(inherited) @executable_path/Frameworks";
				PRODUCT_NAME = "$(TARGET_NAME)";
			};
			name = Debug;
		};
		051C5CB81B83F11700080D4A /* Release */ = {
			isa = XCBuildConfiguration;
			buildSettings = {
				ASSETCATALOG_COMPILER_APPICON_NAME = AppIcon;
				INFOPLIST_FILE = Quiz/Info.plist;
				LD_RUNPATH_SEARCH_PATHS = "$(inherited) @executable_path/Frameworks";
				PRODUCT_NAME = "$(TARGET_NAME)";
			};
			name = Release;
		};
		051C5CBA1B83F11700080D4A /* Debug */ = {
			isa = XCBuildConfiguration;
			buildSettings = {
				BUNDLE_LOADER = "$(TEST_HOST)";
				FRAMEWORK_SEARCH_PATHS = (
					"$(SDKROOT)/Developer/Library/Frameworks",
					"$(inherited)",
				);
				GCC_PREPROCESSOR_DEFINITIONS = (
					"DEBUG=1",
					"$(inherited)",
				);
				INFOPLIST_FILE = QuizTests/Info.plist;
				LD_RUNPATH_SEARCH_PATHS = "$(inherited) @executable_path/Frameworks @loader_path/Frameworks";
				PRODUCT_NAME = "$(TARGET_NAME)";
				TEST_HOST = "$(BUILT_PRODUCTS_DIR)/Quiz.app/Quiz";
			};
			name = Debug;
		};
		051C5CBB1B83F11700080D4A /* Release */ = {
			isa = XCBuildConfiguration;
			buildSettings = {
				BUNDLE_LOADER = "$(TEST_HOST)";
				FRAMEWORK_SEARCH_PATHS = (
					"$(SDKROOT)/Developer/Library/Frameworks",
					"$(inherited)",
				);
				INFOPLIST_FILE = QuizTests/Info.plist;
				LD_RUNPATH_SEARCH_PATHS = "$(inherited) @executable_path/Frameworks @loader_path/Frameworks";
				PRODUCT_NAME = "$(TARGET_NAME)";
				TEST_HOST = "$(BUILT_PRODUCTS_DIR)/Quiz.app/Quiz";
			};
			name = Release;
		};
/* End XCBuildConfiguration section */

/* Begin XCConfigurationList section */
		051C5C8E1B83F11600080D4A /* Build configuration list for PBXProject "Quiz" */ = {
			isa = XCConfigurationList;
			buildConfigurations = (
				051C5CB41B83F11700080D4A /* Debug */,
				051C5CB51B83F11700080D4A /* Release */,
			);
			defaultConfigurationIsVisible = 0;
			defaultConfigurationName = Release;
		};
		051C5CB61B83F11700080D4A /* Build configuration list for PBXNativeTarget "Quiz" */ = {
			isa = XCConfigurationList;
			buildConfigurations = (
				051C5CB71B83F11700080D4A /* Debug */,
				051C5CB81B83F11700080D4A /* Release */,
			);
			defaultConfigurationIsVisible = 0;
		};
		051C5CB91B83F11700080D4A /* Build configuration list for PBXNativeTarget "QuizTests" */ = {
			isa = XCConfigurationList;
			buildConfigurations = (
				051C5CBA1B83F11700080D4A /* Debug */,
				051C5CBB1B83F11700080D4A /* Release */,
			);
			defaultConfigurationIsVisible = 0;
		};
/* End XCConfigurationList section */
	};
	rootObject = 051C5C8B1B83F11600080D4A /* Project object */;
}
